
Microsoft Visual Studio Solution File, Format Version 12.00
# Visual Studio Version 17
VisualStudioVersion = 17.5.002.0
MinimumVisualStudioVersion = 10.0.40219.1
Project("{9A19103F-16F7-4668-BE54-9A1E7A4F7556}") = "HolaMundo", "HolaMundo.csproj", "{2EDDDDF5-C206-435C-B1B3-B3CCA17F328E}"
EndProject
Global
	GlobalSection(SolutionConfigurationPlatforms) = preSolution
		Debug|Any CPU = Debug|Any CPU
		Release|Any CPU = Release|Any CPU
	EndGlobalSection
	GlobalSection(ProjectConfigurationPlatforms) = postSolution
		{2EDDDDF5-C206-435C-B1B3-B3CCA17F328E}.Debug|Any CPU.ActiveCfg = Debug|Any CPU
		{2EDDDDF5-C206-435C-B1B3-B3CCA17F328E}.Debug|Any CPU.Build.0 = Debug|Any CPU
		{2EDDDDF5-C206-435C-B1B3-B3CCA17F328E}.Release|Any CPU.ActiveCfg = Release|Any CPU
		{2EDDDDF5-C206-435C-B1B3-B3CCA17F328E}.Release|Any CPU.Build.0 = Release|Any CPU
	EndGlobalSection
	GlobalSection(SolutionProperties) = preSolution
		HideSolutionNode = FALSE
	EndGlobalSection
	GlobalSection(ExtensibilityGlobals) = postSolution
		SolutionGuid = {3AE50393-EC9F-49DF-B115-52CF6A84FBC6}
	EndGlobalSection
EndGlobal
